
Microsoft Visual Studio Solution File, Format Version 12.00
# Visual Studio 15
VisualStudioVersion = 15.0.27130.2036
MinimumVisualStudioVersion = 10.0.40219.1
Project("{FAE04EC0-301F-11D3-BF4B-00C04F79EFBC}") = "GM.Windows.Tools", "GM.Windows.Tools\GM.Windows.Tools.csproj", "{DC716093-3669-4FA7-BB9D-0B65728C9A68}"
EndProject
Global
	GlobalSection(SolutionConfigurationPlatforms) = preSolution
		Debug|Any CPU = Debug|Any CPU
		Release|Any CPU = Release|Any CPU
	EndGlobalSection
	GlobalSection(ProjectConfigurationPlatforms) = postSolution
		{DC716093-3669-4FA7-BB9D-0B65728C9A68}.Debug|Any CPU.ActiveCfg = Debug|Any CPU
		{DC716093-3669-4FA7-BB9D-0B65728C9A68}.Debug|Any CPU.Build.0 = Debug|Any CPU
		{DC716093-3669-4FA7-BB9D-0B65728C9A68}.Release|Any CPU.ActiveCfg = Release|Any CPU
		{DC716093-3669-4FA7-BB9D-0B65728C9A68}.Release|Any CPU.Build.0 = Release|Any CPU
	EndGlobalSection
	GlobalSection(SolutionProperties) = preSolution
		HideSolutionNode = FALSE
	EndGlobalSection
	GlobalSection(ExtensibilityGlobals) = postSolution
		SolutionGuid = {10E7F8CB-1DC9-49BE-8EA3-76567014373E}
	EndGlobalSection
EndGlobal
